
Microsoft Visual Studio Solution File, Format Version 12.00
# Visual Studio Version 17
VisualStudioVersion = 17.14.36603.0
MinimumVisualStudioVersion = 10.0.40219.1
Project("{FAE04EC0-301F-11D3-BF4B-00C04F79EFBC}") = "Fall2025Test", "Fall2025Test\Fall2025Test.csproj", "{2207BD80-DA29-49BC-8ECD-991D8B5A0EAB}"
EndProject
Global
	GlobalSection(SolutionConfigurationPlatforms) = preSolution
		Debug|Any CPU = Debug|Any CPU
		Release|Any CPU = Release|Any CPU
	EndGlobalSection
	GlobalSection(ProjectConfigurationPlatforms) = postSolution
		{2207BD80-DA29-49BC-8ECD-991D8B5A0EAB}.Debug|Any CPU.ActiveCfg = Debug|Any CPU
		{2207BD80-DA29-49BC-8ECD-991D8B5A0EAB}.Debug|Any CPU.Build.0 = Debug|Any CPU
		{2207BD80-DA29-49BC-8ECD-991D8B5A0EAB}.Release|Any CPU.ActiveCfg = Release|Any CPU
		{2207BD80-DA29-49BC-8ECD-991D8B5A0EAB}.Release|Any CPU.Build.0 = Release|Any CPU
	EndGlobalSection
	GlobalSection(SolutionProperties) = preSolution
		HideSolutionNode = FALSE
	EndGlobalSection
	GlobalSection(ExtensibilityGlobals) = postSolution
		SolutionGuid = {1AC753EB-D45B-4832-BCCD-F1E7CF840FE9}
	EndGlobalSection
EndGlobal
